
Microsoft Visual Studio Solution File, Format Version 11.00
# Visual Studio 2010
Project("{8BC9CEB8-8B4A-11D0-8D11-00A0C91BC942}") = "SK_HourMaze", "SK_HourMaze\SK_HourMaze.vcxproj", "{46DC70C8-0BB8-45A5-BE97-EAB8DBEDCA9A}"
EndProject
Global
	GlobalSection(SolutionConfigurationPlatforms) = preSolution
		Debug|Win32 = Debug|Win32
		Release|Win32 = Release|Win32
	EndGlobalSection
	GlobalSection(ProjectConfigurationPlatforms) = postSolution
		{46DC70C8-0BB8-45A5-BE97-EAB8DBEDCA9A}.Debug|Win32.ActiveCfg = Release|Win32
		{46DC70C8-0BB8-45A5-BE97-EAB8DBEDCA9A}.Debug|Win32.Build.0 = Release|Win32
		{46DC70C8-0BB8-45A5-BE97-EAB8DBEDCA9A}.Release|Win32.ActiveCfg = Release|Win32
		{46DC70C8-0BB8-45A5-BE97-EAB8DBEDCA9A}.Release|Win32.Build.0 = Release|Win32
	EndGlobalSection
	GlobalSection(SolutionProperties) = preSolution
		HideSolutionNode = FALSE
	EndGlobalSection
EndGlobal
